#MicroXplorer Configuration settings - do not modify
ADC1.Channel-0\#ChannelRegularConversion=ADC_CHANNEL_1
ADC1.Channel-1\#ChannelRegularConversion=ADC_CHANNEL_3
ADC1.CommonPathInternal=null|null|null|null
ADC1.DMAContinuousRequests=ENABLE
ADC1.DataAlign=ADC_DATAALIGN_RIGHT
ADC1.EOCSelection=ADC_EOC_SEQ_CONV
ADC1.ExternalTrigConv=ADC_EXTERNALTRIG_HRTIM_TRG1
ADC1.IPParameters=Rank-0\#ChannelRegularConversion,Channel-0\#ChannelRegularConversion,SamplingTime-0\#ChannelRegularConversion,OffsetNumber-0\#ChannelRegularConversion,NbrOfConversionFlag,EOCSelection,Overrun,ExternalTrigConv,DMAContinuousRequests,Rank-1\#ChannelRegularConversion,Channel-1\#ChannelRegularConversion,SamplingTime-1\#ChannelRegularConversion,OffsetNumber-1\#ChannelRegularConversion,NbrOfConversion,master,DataAlign,CommonPathInternal
ADC1.NbrOfConversion=2
ADC1.NbrOfConversionFlag=1
ADC1.OffsetNumber-0\#ChannelRegularConversion=ADC_OFFSET_NONE
ADC1.OffsetNumber-1\#ChannelRegularConversion=ADC_OFFSET_NONE
ADC1.Overrun=ADC_OVR_DATA_OVERWRITTEN
ADC1.Rank-0\#ChannelRegularConversion=1
ADC1.Rank-1\#ChannelRegularConversion=2
ADC1.SamplingTime-0\#ChannelRegularConversion=ADC_SAMPLETIME_12CYCLES_5
ADC1.SamplingTime-1\#ChannelRegularConversion=ADC_SAMPLETIME_12CYCLES_5
ADC1.master=1
ADC2.Channel-0\#ChannelRegularConversion=ADC_CHANNEL_5
ADC2.CommonPathInternal=null|null|null|null
ADC2.EOCSelection=ADC_EOC_SEQ_CONV
ADC2.IPParameters=Rank-0\#ChannelRegularConversion,Channel-0\#ChannelRegularConversion,SamplingTime-0\#ChannelRegularConversion,OffsetNumber-0\#ChannelRegularConversion,NbrOfConversionFlag,EOCSelection,CommonPathInternal
ADC2.NbrOfConversionFlag=1
ADC2.OffsetNumber-0\#ChannelRegularConversion=ADC_OFFSET_NONE
ADC2.Rank-0\#ChannelRegularConversion=1
ADC2.SamplingTime-0\#ChannelRegularConversion=ADC_SAMPLETIME_2CYCLES_5
CAD.formats=
CAD.pinconfig=
CAD.provider=
COMP3.IPParameters=OutputPol
COMP3.OutputPol=COMP_OUTPUTPOL_INVERTED
DAC1.DAC_Channel-DAC_OUT2_Int=DAC_CHANNEL_2
DAC1.IPParameters=DAC_Channel-DAC_OUT2_Int
Dma.ADC1.0.Direction=DMA_PERIPH_TO_MEMORY
Dma.ADC1.0.EventEnable=DISABLE
Dma.ADC1.0.Instance=DMA1_Channel1
Dma.ADC1.0.MemDataAlignment=DMA_MDATAALIGN_HALFWORD
Dma.ADC1.0.MemInc=DMA_MINC_ENABLE
Dma.ADC1.0.Mode=DMA_CIRCULAR
Dma.ADC1.0.PeriphDataAlignment=DMA_PDATAALIGN_HALFWORD
Dma.ADC1.0.PeriphInc=DMA_PINC_DISABLE
Dma.ADC1.0.Polarity=HAL_DMAMUX_REQ_GEN_RISING
Dma.ADC1.0.Priority=DMA_PRIORITY_LOW
Dma.ADC1.0.RequestNumber=1
Dma.ADC1.0.RequestParameters=Instance,Direction,PeriphInc,MemInc,PeriphDataAlignment,MemDataAlignment,Mode,Priority,SignalID,Polarity,RequestNumber,SyncSignalID,SyncPolarity,SyncEnable,EventEnable,SyncRequestNumber
Dma.ADC1.0.SignalID=NONE
Dma.ADC1.0.SyncEnable=DISABLE
Dma.ADC1.0.SyncPolarity=HAL_DMAMUX_SYNC_NO_EVENT
Dma.ADC1.0.SyncRequestNumber=1
Dma.ADC1.0.SyncSignalID=NONE
Dma.Request0=ADC1
Dma.Request1=USART1_RX
Dma.RequestsNb=2
Dma.USART1_RX.1.Direction=DMA_PERIPH_TO_MEMORY
Dma.USART1_RX.1.EventEnable=DISABLE
Dma.USART1_RX.1.Instance=DMA1_Channel5
Dma.USART1_RX.1.MemDataAlignment=DMA_MDATAALIGN_BYTE
Dma.USART1_RX.1.MemInc=DMA_MINC_ENABLE
Dma.USART1_RX.1.Mode=DMA_CIRCULAR
Dma.USART1_RX.1.PeriphDataAlignment=DMA_PDATAALIGN_BYTE
Dma.USART1_RX.1.PeriphInc=DMA_PINC_DISABLE
Dma.USART1_RX.1.Polarity=HAL_DMAMUX_REQ_GEN_RISING
Dma.USART1_RX.1.Priority=DMA_PRIORITY_LOW
Dma.USART1_RX.1.RequestNumber=1
Dma.USART1_RX.1.RequestParameters=Instance,Direction,PeriphInc,MemInc,PeriphDataAlignment,MemDataAlignment,Mode,Priority,SignalID,Polarity,RequestNumber,SyncSignalID,SyncPolarity,SyncEnable,EventEnable,SyncRequestNumber
Dma.USART1_RX.1.SignalID=NONE
Dma.USART1_RX.1.SyncEnable=DISABLE
Dma.USART1_RX.1.SyncPolarity=HAL_DMAMUX_SYNC_NO_EVENT
Dma.USART1_RX.1.SyncRequestNumber=1
Dma.USART1_RX.1.SyncSignalID=NONE
File.Version=6
GPIO.groupedBy=Group By Peripherals
HRTIM1.ADCTrigger1_Source1=HRTIM_ADCTRIGGEREVENT13_TIMERC_CMP4
HRTIM1.ADCTrigger_Id1=HRTIM_ADCTRIGGER_1
HRTIM1.CompareUnit1-Output_TA1TA2=HRTIM_COMPAREUNIT_1
HRTIM1.CompareUnit1-Output_TB1TB2=HRTIM_COMPAREUNIT_1
HRTIM1.CompareUnit1-Output_TC1TC2=HRTIM_COMPAREUNIT_1
HRTIM1.CompareUnit1-Output_TD1TD2=HRTIM_COMPAREUNIT_1
HRTIM1.CompareUnit1-Output_TE1=HRTIM_COMPAREUNIT_1
HRTIM1.CompareUnit2-Output_TA1TA2=HRTIM_COMPAREUNIT_2
HRTIM1.CompareUnit2-Output_TB1TB2=HRTIM_COMPAREUNIT_2
HRTIM1.CompareUnit2-Output_TD1TD2=HRTIM_COMPAREUNIT_2
HRTIM1.CompareUnit2-Output_TE1=HRTIM_COMPAREUNIT_2
HRTIM1.CompareUnit3-Output_TA1TA2=__NULL
HRTIM1.CompareUnit3-Output_TB1TB2=HRTIM_COMPAREUNIT_3
HRTIM1.CompareUnit3-Output_TD1TD2=__NULL
HRTIM1.CompareUnit4-Output_TA1TA2=__NULL
HRTIM1.CompareUnit4-Output_TC1TC2=HRTIM_COMPAREUNIT_4
HRTIM1.CompareUnit4-Output_TD1TD2=__NULL
HRTIM1.CompareValue1-Output_TA1TA2=HRTIM_PWM_PERIOD - DEAD_TIME_RISING_HR_TICK
HRTIM1.CompareValue1-Output_TB1TB2=PHASE_SHIFT_MIN
HRTIM1.CompareValue1-Output_TC1TC2=27200
HRTIM1.CompareValue1-Output_TD1TD2=HALF_HRTIM_PWM_PERIOD - DEAD_TIME_RISING_HR_TICK
HRTIM1.CompareValue1-Output_TE1=1000
HRTIM1.CompareValue2-Output_TA1TA2=PHASE_SHIFT_MIN + DEAD_TIME_FALLING_HR_TICK
HRTIM1.CompareValue2-Output_TB1TB2=PHASE_SHIFT_MIN + HALF_HRTIM_PWM_PERIOD
HRTIM1.CompareValue2-Output_TD1TD2=PHASE_SHIFT_MIN + HALF_HRTIM_PWM_PERIOD + DEAD_TIME_FALLING_HR_TICK
HRTIM1.CompareValue2-Output_TE1=1000 + ACTIVE_CLAMP_PULSE_DURATION_HR_TICK
HRTIM1.CompareValue3-Output_TB1TB2=3000
HRTIM1.CompareValue4-Output_TC1TC2=27200
HRTIM1.DeadTimeInsertion-Output_TA1TA2=HRTIM_TIMDEADTIMEINSERTION_ENABLED
HRTIM1.DeadTimeInsertion-Output_TB1TB2=HRTIM_TIMDEADTIMEINSERTION_ENABLED
HRTIM1.DeadTimeInsertion-Output_TC1TC2=HRTIM_TIMDEADTIMEINSERTION_ENABLED
HRTIM1.DeadTimeInsertion-Output_TD1TD2=HRTIM_TIMDEADTIMEINSERTION_ENABLED
HRTIM1.Enable_FaultLine1=HRTIM_FAULTMODECTL_ENABLED
HRTIM1.Event1-Output_TB1TB2=__NULL
HRTIM1.Event1-Output_TC1TC2=__NULL
HRTIM1.Event2-Output_TB1TB2=__NULL
HRTIM1.Event2-Output_TC1TC2=__NULL
HRTIM1.Event_EEV1=HRTIM_EVENT_1
HRTIM1.Event_EEV2=HRTIM_EVENT_2
HRTIM1.Event_EEV3=__NULL
HRTIM1.Event_EEV4=__NULL
HRTIM1.FallingValue-Output_TA1TA2=DEAD_TIME_FALLING_DT_TICK
HRTIM1.FallingValue-Output_TB1TB2=DEAD_TIME_FALLING_DT_TICK
HRTIM1.FallingValue-Output_TC1TC2=DEAD_TIME_LAGGING_FALLING_DT_TICK
HRTIM1.FallingValue-Output_TD1TD2=DEAD_TIME_FALLING_DT_TICK
HRTIM1.FaultEnable_Source1-Output_TA1TA2=HRTIM_TIMFAULTENABLE_FAULT1
HRTIM1.FaultEnable_Source1-Output_TB1TB2=HRTIM_TIMFAULTENABLE_FAULT1
HRTIM1.FaultEnable_Source1-Output_TC1TC2=HRTIM_TIMFAULTENABLE_FAULT1
HRTIM1.FaultEnable_Source1-Output_TD1TD2=HRTIM_TIMFAULTENABLE_FAULT1
HRTIM1.FaultEnable_Source1-Output_TE1=HRTIM_TIMFAULTENABLE_FAULT1
HRTIM1.FaultEnable_Source2-Output_TA1TA2=HRTIM_TIMFAULTENABLE_FAULT5
HRTIM1.FaultEnable_Source2-Output_TB1TB2=HRTIM_TIMFAULTENABLE_FAULT5
HRTIM1.FaultEnable_Source2-Output_TC1TC2=HRTIM_TIMFAULTENABLE_FAULT5
HRTIM1.FaultEnable_Source2-Output_TD1TD2=HRTIM_TIMFAULTENABLE_FAULT5
HRTIM1.FaultEnable_Source2-Output_TE1=HRTIM_TIMFAULTENABLE_FAULT5
HRTIM1.FaultLevel1-Output_TA1TA2=HRTIM_OUTPUTFAULTLEVEL_INACTIVE
HRTIM1.FaultLevel1-Output_TB1TB2=HRTIM_OUTPUTFAULTLEVEL_INACTIVE
HRTIM1.FaultLevel1-Output_TC1TC2=HRTIM_OUTPUTFAULTLEVEL_INACTIVE
HRTIM1.FaultLevel1-Output_TD1TD2=HRTIM_OUTPUTFAULTLEVEL_INACTIVE
HRTIM1.FaultLevel1-Output_TE1=HRTIM_OUTPUTFAULTLEVEL_INACTIVE
HRTIM1.FaultLevel2-Output_TA1TA2=HRTIM_OUTPUTFAULTLEVEL_INACTIVE
HRTIM1.FaultLevel2-Output_TB1TB2=HRTIM_OUTPUTFAULTLEVEL_INACTIVE
HRTIM1.FaultLevel2-Output_TC1TC2=HRTIM_OUTPUTFAULTLEVEL_INACTIVE
HRTIM1.FaultLevel2-Output_TD1TD2=HRTIM_OUTPUTFAULTLEVEL_INACTIVE
HRTIM1.Fault_Line1=HRTIM_FAULT_1
HRTIM1.Fault_Line5=HRTIM_FAULT_5
HRTIM1.Filter_FaultLine1=HRTIM_FAULTFILTER_15
HRTIM1.Filter_FaultLine5=HRTIM_FAULTFILTER_15
HRTIM1.HRTIMInterruptResquests1=HRTIM_IT_FLT1
HRTIM1.IPParameters=RepetitionCounter-MasterTimer,Periode_MASTER,PreloadEnable-MasterTimer,NumberInterruptRequests_Master-MasterTimer,InterruptRequests1_Master,Periode_TA,PreloadEnable-Output_TA1TA2,RepetitionUpdate-Output_TA1TA2,NumberFaultEnable-Output_TA1TA2,Fault_Line1,Filter_FaultLine1,FaultEnable_Source1-Output_TA1TA2,NumberResetTrigger-Output_TA1TA2,ResetTrigger1-Output_TA1TA2,CompareUnit1-Output_TA1TA2,CompareValue1-Output_TA1TA2,CompareUnit2-Output_TA1TA2,CompareValue2-Output_TA1TA2,CompareUnit3-Output_TA1TA2,CompareUnit4-Output_TA1TA2,NumberSetSource1-Output_TA1TA2,SetOutput1_Source1-Output_TA1TA2,NumberResetSource1-Output_TA1TA2,ResetOutput1_Source1-Output_TA1TA2,FaultLevel1-Output_TA1TA2,FaultLevel2-Output_TA1TA2,Periode_TB,PreloadEnable-Output_TB1TB2,RepetitionUpdate-Output_TB1TB2,NumberFaultEnable-Output_TB1TB2,FaultEnable_Source1-Output_TB1TB2,DeadTimeInsertion-Output_TB1TB2,NumberResetTrigger-Output_TB1TB2,ResetTrigger1-Output_TB1TB2,CompareUnit1-Output_TB1TB2,CompareValue1-Output_TB1TB2,CompareUnit2-Output_TB1TB2,CompareValue2-Output_TB1TB2,CompareUnit3-Output_TB1TB2,CompareValue3-Output_TB1TB2,PrescalerDead-Output_TB1TB2,RisingValue-Output_TB1TB2,FallingValue-Output_TB1TB2,NumberSetSource1-Output_TB1TB2,SetOutput1_Source1-Output_TB1TB2,NumberResetSource1-Output_TB1TB2,ResetOutput1_Source1-Output_TB1TB2,FaultLevel1-Output_TB1TB2,FaultLevel2-Output_TB1TB2,Periode_TC,PreloadEnable-Output_TC1TC2,RepetitionUpdate-Output_TC1TC2,NumberFaultEnable-Output_TC1TC2,FaultEnable_Source1-Output_TC1TC2,DeadTimeInsertion-Output_TC1TC2,NumberResetTrigger-Output_TC1TC2,ResetTrigger1-Output_TC1TC2,CompareUnit1-Output_TC1TC2,PrescalerDead-Output_TC1TC2,RisingValue-Output_TC1TC2,FallingValue-Output_TC1TC2,NumberSetSource1-Output_TC1TC2,SetOutput1_Source1-Output_TC1TC2,NumberResetSource1-Output_TC1TC2,ResetOutput1_Source1-Output_TC1TC2,FaultLevel1-Output_TC1TC2,FaultLevel2-Output_TC1TC2,ADCTrigger_Id1,ORingUpdateSource_ADCTrigger1,CompareUnit4-Output_TC1TC2,CompareValue4-Output_TC1TC2,NumberADCTriggerSource1,ADCTrigger1_Source1,Periode_TD,PreloadEnable-Output_TD1TD2,RepetitionUpdate-Output_TD1TD2,NumberFaultEnable-Output_TD1TD2,FaultEnable_Source1-Output_TD1TD2,NumberResetTrigger-Output_TD1TD2,ResetTrigger1-Output_TD1TD2,CompareUnit1-Output_TD1TD2,CompareValue1-Output_TD1TD2,CompareUnit2-Output_TD1TD2,CompareValue2-Output_TD1TD2,CompareUnit3-Output_TD1TD2,CompareUnit4-Output_TD1TD2,NumberSetSource1-Output_TD1TD2,SetOutput1_Source1-Output_TD1TD2,NumberResetSource1-Output_TD1TD2,ResetOutput1_Source1-Output_TD1TD2,FaultLevel1-Output_TD1TD2,NumberSetSource2_TD,NumberResetSource2_TD,FaultLevel2-Output_TD1TD2,HRTIMInterruptResquests1,SyncOptions,SyncOutputPolarity,CompareValue1-Output_TC1TC2,RepetitionUpdate-MasterTimer,DeadTimeInsertion-Output_TA1TA2,PrescalerDead-Output_TA1TA2,RisingValue-Output_TA1TA2,FallingValue-Output_TA1TA2,DeadTimeInsertion-Output_TD1TD2,PrescalerDead-Output_TD1TD2,RisingValue-Output_TD1TD2,FallingValue-Output_TD1TD2,Periode_TE,NumberFaultEnable-Output_TE1,FaultEnable_Source1-Output_TE1,NumberResetTrigger-Output_TE1,ResetTrigger1-Output_TE1,CompareUnit1-Output_TE1,CompareValue1-Output_TE1,CompareUnit2-Output_TE1,CompareValue2-Output_TE1,Polarity1-Output_TE1,NumberSetSource1-Output_TE1,SetOutput1_Source1-Output_TE1,NumberResetSource1-Output_TE1,ResetOutput1_Source1-Output_TE1,Event_EEV1,Event_EEV2,Event1-Output_TC1TC2,Event2-Output_TC1TC2,Event1-Output_TB1TB2,Event2-Output_TB1TB2,Enable_FaultLine1,Fault_Line5,Filter_FaultLine5,FaultEnable_Source2-Output_TB1TB2,FaultEnable_Source2-Output_TC1TC2,Event_EEV3,Event_EEV4,FaultEnable_Source2-Output_TA1TA2,FaultEnable_Source2-Output_TD1TD2,PreloadEnable-Output_TE1,RepetitionUpdate-Output_TE1,FaultEnable_Source2-Output_TE1,FaultLevel1-Output_TE1
HRTIM1.IPParametersWithoutCheck=CompareValue1-Output_TB1TB2,RisingValue-Output_TA1TA2,CompareValue2-Output_TE1,CompareValue4-Output_TA1TA2,RisingValue-Output_TC1TC2,CompareValue1-Output_TD1TD2,Periode_TB,FallingValue-Output_TB1TB2,CompareValue2-Output_TB1TB2,FallingValue-Output_TD1TD2,CompareValue3-Output_TD1TD2,RepetitionCounter-MasterTimer,RisingValue-Output_TB1TB2,CompareValue2-Output_TD1TD2,CompareValue3-Output_TA1TA2,RisingValue-Output_TD1TD2,FallingValue-Output_TA1TA2,CompareValue4-Output_TD1TD2,CompareValue2-Output_TA1TA2,CompareValue1-Output_TA1TA2,FallingValue-Output_TC1TC2
HRTIM1.InterruptRequests1_Master=HRTIM_MASTER_IT_MUPD
HRTIM1.NumberADCTriggerSource1=1
HRTIM1.NumberFaultEnable-Output_TA1TA2=2
HRTIM1.NumberFaultEnable-Output_TB1TB2=2
HRTIM1.NumberFaultEnable-Output_TC1TC2=2
HRTIM1.NumberFaultEnable-Output_TD1TD2=2
HRTIM1.NumberFaultEnable-Output_TE1=2
HRTIM1.NumberInterruptRequests_Master-MasterTimer=1
HRTIM1.NumberResetSource1-Output_TA1TA2=1
HRTIM1.NumberResetSource1-Output_TB1TB2=1
HRTIM1.NumberResetSource1-Output_TC1TC2=1
HRTIM1.NumberResetSource1-Output_TD1TD2=1
HRTIM1.NumberResetSource1-Output_TE1=1
HRTIM1.NumberResetSource2_TD=0
HRTIM1.NumberResetTrigger-Output_TA1TA2=1
HRTIM1.NumberResetTrigger-Output_TB1TB2=1
HRTIM1.NumberResetTrigger-Output_TC1TC2=1
HRTIM1.NumberResetTrigger-Output_TD1TD2=1
HRTIM1.NumberResetTrigger-Output_TE1=1
HRTIM1.NumberSetSource1-Output_TA1TA2=1
HRTIM1.NumberSetSource1-Output_TB1TB2=1
HRTIM1.NumberSetSource1-Output_TC1TC2=1
HRTIM1.NumberSetSource1-Output_TD1TD2=1
HRTIM1.NumberSetSource1-Output_TE1=1
HRTIM1.NumberSetSource2_TD=0
HRTIM1.ORingUpdateSource_ADCTrigger1=HRTIM_ADCTRIGGERUPDATE_TIMER_C
HRTIM1.Periode_MASTER=54400
HRTIM1.Periode_TA=54400
HRTIM1.Periode_TB=54400
HRTIM1.Periode_TC=54400
HRTIM1.Periode_TD=54400
HRTIM1.Periode_TE=27200
HRTIM1.Polarity1-Output_TE1=HRTIM_OUTPUTPOLARITY_LOW
HRTIM1.PreloadEnable-MasterTimer=HRTIM_PRELOAD_ENABLED
HRTIM1.PreloadEnable-Output_TA1TA2=HRTIM_PRELOAD_ENABLED
HRTIM1.PreloadEnable-Output_TB1TB2=HRTIM_PRELOAD_ENABLED
HRTIM1.PreloadEnable-Output_TC1TC2=HRTIM_PRELOAD_ENABLED
HRTIM1.PreloadEnable-Output_TD1TD2=HRTIM_PRELOAD_DISABLED
HRTIM1.PreloadEnable-Output_TE1=HRTIM_PRELOAD_ENABLED
HRTIM1.PrescalerDead-Output_TA1TA2=HRTIM_TIMDEADTIME_PRESCALERRATIO_DIV1
HRTIM1.PrescalerDead-Output_TB1TB2=HRTIM_TIMDEADTIME_PRESCALERRATIO_DIV1
HRTIM1.PrescalerDead-Output_TC1TC2=HRTIM_TIMDEADTIME_PRESCALERRATIO_DIV1
HRTIM1.PrescalerDead-Output_TD1TD2=HRTIM_TIMDEADTIME_PRESCALERRATIO_DIV1
HRTIM1.RepetitionCounter-MasterTimer=HRTIM_REP_RATE
HRTIM1.RepetitionUpdate-MasterTimer=HRTIM_UPDATEONREPETITION_ENABLED
HRTIM1.RepetitionUpdate-Output_TA1TA2=HRTIM_UPDATEONREPETITION_ENABLED
HRTIM1.RepetitionUpdate-Output_TB1TB2=HRTIM_UPDATEONREPETITION_ENABLED
HRTIM1.RepetitionUpdate-Output_TC1TC2=HRTIM_UPDATEONREPETITION_ENABLED
HRTIM1.RepetitionUpdate-Output_TD1TD2=HRTIM_UPDATEONREPETITION_ENABLED
HRTIM1.RepetitionUpdate-Output_TE1=HRTIM_UPDATEONREPETITION_ENABLED
HRTIM1.ResetOutput1_Source1-Output_TA1TA2=HRTIM_OUTPUTRESET_TIMCMP2
HRTIM1.ResetOutput1_Source1-Output_TB1TB2=HRTIM_OUTPUTRESET_TIMCMP2
HRTIM1.ResetOutput1_Source1-Output_TC1TC2=HRTIM_OUTPUTRESET_TIMCMP1
HRTIM1.ResetOutput1_Source1-Output_TD1TD2=HRTIM_OUTPUTRESET_TIMCMP2
HRTIM1.ResetOutput1_Source1-Output_TE1=HRTIM_OUTPUTRESET_TIMCMP2
HRTIM1.ResetTrigger1-Output_TA1TA2=HRTIM_TIMRESETTRIGGER_MASTER_PER
HRTIM1.ResetTrigger1-Output_TB1TB2=HRTIM_TIMRESETTRIGGER_MASTER_PER
HRTIM1.ResetTrigger1-Output_TC1TC2=HRTIM_TIMRESETTRIGGER_MASTER_PER
HRTIM1.ResetTrigger1-Output_TD1TD2=HRTIM_TIMRESETTRIGGER_MASTER_PER
HRTIM1.ResetTrigger1-Output_TE1=HRTIM_TIMRESETTRIGGER_MASTER_PER
HRTIM1.RisingValue-Output_TA1TA2=DEAD_TIME_RISING_DT_TICK
HRTIM1.RisingValue-Output_TB1TB2=DEAD_TIME_RISING_DT_TICK
HRTIM1.RisingValue-Output_TC1TC2=DEAD_TIME_LAGGING_RISING_DT_TICK
HRTIM1.RisingValue-Output_TD1TD2=DEAD_TIME_RISING_DT_TICK
HRTIM1.SetOutput1_Source1-Output_TA1TA2=HRTIM_OUTPUTSET_TIMCMP1
HRTIM1.SetOutput1_Source1-Output_TB1TB2=HRTIM_OUTPUTSET_TIMCMP1
HRTIM1.SetOutput1_Source1-Output_TC1TC2=HRTIM_OUTPUTSET_TIMPER
HRTIM1.SetOutput1_Source1-Output_TD1TD2=HRTIM_OUTPUTSET_TIMCMP1
HRTIM1.SetOutput1_Source1-Output_TE1=HRTIM_OUTPUTSET_TIMCMP1
HRTIM1.SyncOptions=HRTIM_SYNCOPTION_MASTER
HRTIM1.SyncOutputPolarity=HRTIM_SYNCOUTPUTPOLARITY_POSITIVE
I2C1.I2C_Fall_Time=100
I2C1.I2C_Rise_Time=100
I2C1.I2C_Speed_Mode=I2C_Fast
I2C1.IPParameters=Timing,I2C_Rise_Time,I2C_Fall_Time,OwnAddress,NoStretchMode,I2C_Speed_Mode,Speed
I2C1.NoStretchMode=I2C_NOSTRETCH_DISABLE
I2C1.OwnAddress=0x28
I2C1.Speed=100
I2C1.Timing=0x406248FF
KeepUserPlacement=false
Mcu.CPN=STM32G474RBT3
Mcu.Family=STM32G4
Mcu.IP0=ADC1
Mcu.IP1=ADC2
Mcu.IP10=NVIC
Mcu.IP11=RCC
Mcu.IP12=SYS
Mcu.IP13=TIM2
Mcu.IP14=TIM3
Mcu.IP15=TIM6
Mcu.IP16=USART1
Mcu.IP2=COMP2
Mcu.IP3=COMP3
Mcu.IP4=DAC1
Mcu.IP5=DAC3
Mcu.IP6=DMA
Mcu.IP7=FMAC
Mcu.IP8=HRTIM1
Mcu.IP9=I2C1
Mcu.IPNb=17
Mcu.Name=STM32G474R(B-C-E)Tx
Mcu.Package=LQFP64
Mcu.Pin0=PC13
Mcu.Pin1=PF0-OSC_IN
Mcu.Pin10=PA4
Mcu.Pin11=PA5
Mcu.Pin12=PA6
Mcu.Pin13=PC4
Mcu.Pin14=PB0
Mcu.Pin15=PB1
Mcu.Pin16=PB2
Mcu.Pin17=PB10
Mcu.Pin18=PB11
Mcu.Pin19=PB12
Mcu.Pin2=PF1-OSC_OUT
Mcu.Pin20=PB13
Mcu.Pin21=PB14
Mcu.Pin22=PB15
Mcu.Pin23=PC8
Mcu.Pin24=PA8
Mcu.Pin25=PA9
Mcu.Pin26=PA10
Mcu.Pin27=PA11
Mcu.Pin28=PA12
Mcu.Pin29=PA13
Mcu.Pin3=PC1
Mcu.Pin30=PA14
Mcu.Pin31=PA15
Mcu.Pin32=PD2
Mcu.Pin33=PB3
Mcu.Pin34=PB4
Mcu.Pin35=PB5
Mcu.Pin36=PB6
Mcu.Pin37=PB7
Mcu.Pin38=PB8-BOOT0
Mcu.Pin39=PB9
Mcu.Pin4=PC2
Mcu.Pin40=VP_COMP2_VS_DAC1OUT2
Mcu.Pin41=VP_COMP3_VS_DAC3OUT1
Mcu.Pin42=VP_DAC1_VS_DACI2
Mcu.Pin43=VP_DAC3_VS_DACI1
Mcu.Pin44=VP_FMAC_VS_FMAC
Mcu.Pin45=VP_HRTIM1_VS_hrtimMasterTimerNoOutput
Mcu.Pin46=VP_SYS_VS_Systick
Mcu.Pin47=VP_SYS_VS_DBSignals
Mcu.Pin48=VP_TIM2_VS_ControllerModeReset
Mcu.Pin49=VP_TIM2_VS_ClockSourceINT
Mcu.Pin5=PC3
Mcu.Pin50=VP_TIM2_VS_no_output4
Mcu.Pin51=VP_TIM6_VS_ClockSourceINT
Mcu.Pin52=VP_STMicroelectronics.X-CUBE-DPower_VS_LibraryJjDigitalIiPowerIiConverter_1.2.1_1.3.0
Mcu.Pin53=VP_STMicroelectronics.X-CUBE-DPower_VS_DCAaDCIiconverterJjinOoCCM_1.1.0_1.3.0
Mcu.Pin54=VP_STMicroelectronics.X-CUBE-DPower_VS_DeviceJjDSMPS_1.2.1_1.3.0
Mcu.Pin6=PA0
Mcu.Pin7=PA1
Mcu.Pin8=PA2
Mcu.Pin9=PA3
Mcu.PinsNb=55
Mcu.ThirdParty0=STMicroelectronics.X-CUBE-DPower.1.3.0
Mcu.ThirdPartyNb=1
Mcu.UserConstants=
Mcu.UserName=STM32G474RBTx
MxCube.Version=6.12.0
MxDb.Version=DB.6.0.120
NVIC.ADC1_2_IRQn=true\:5\:0\:true\:false\:false\:true\:false\:true
NVIC.BusFault_IRQn=true\:0\:0\:false\:false\:true\:false\:false\:false
NVIC.DMA1_Channel1_IRQn=true\:1\:0\:true\:false\:false\:false\:false\:true
NVIC.DMA1_Channel5_IRQn=true\:1\:0\:true\:false\:false\:false\:false\:true
NVIC.DebugMonitor_IRQn=true\:0\:0\:false\:false\:true\:false\:false\:false
NVIC.EXTI2_IRQn=true\:0\:0\:false\:false\:false\:true\:true\:true
NVIC.ForceEnableDMAVector=true
NVIC.HRTIM1_FLT_IRQn=true\:0\:0\:false\:false\:false\:true\:false\:true
NVIC.HardFault_IRQn=true\:0\:0\:false\:false\:true\:false\:false\:false
NVIC.I2C1_ER_IRQn=true\:6\:0\:true\:false\:true\:true\:true\:true
NVIC.I2C1_EV_IRQn=true\:6\:0\:true\:false\:true\:true\:true\:true
NVIC.MemoryManagement_IRQn=true\:0\:0\:false\:false\:true\:false\:false\:false
NVIC.NonMaskableInt_IRQn=true\:0\:0\:false\:false\:true\:false\:false\:false
NVIC.PendSV_IRQn=true\:0\:0\:false\:false\:true\:false\:false\:false
NVIC.PriorityGroup=NVIC_PRIORITYGROUP_4
NVIC.SVCall_IRQn=true\:0\:0\:false\:false\:true\:false\:false\:false
NVIC.SysTick_IRQn=true\:1\:0\:true\:false\:false\:false\:false\:false
NVIC.TIM6_DAC_IRQn=true\:1\:0\:true\:false\:false\:true\:false\:true
NVIC.UsageFault_IRQn=true\:0\:0\:false\:false\:true\:false\:false\:false
PA0.GPIOParameters=GPIO_Label
PA0.GPIO_Label=ADCx_VOUT_CHANNEL_PIN
PA0.Locked=true
PA0.Mode=IN1-Single-Ended
PA0.Signal=ADC1_IN1
PA1.GPIOParameters=GPIO_Label
PA1.GPIO_Label=ADCx_VDS1_CHANNEL_PIN
PA1.Locked=true
PA1.Mode=IN2-Single-Ended
PA1.Signal=ADC1_IN2
PA10.GPIOParameters=GPIO_Label
PA10.GPIO_Label=PWM_HS2_GPIO_PIN
PA10.Locked=true
PA10.Mode=Output_TB1TB2
PA10.Signal=HRTIM1_CHB1
PA11.GPIOParameters=GPIO_Label
PA11.GPIO_Label=PWM_LS2_GPIO_PIN
PA11.Locked=true
PA11.Mode=Output_TB1TB2
PA11.Signal=HRTIM1_CHB2
PA12.GPIOParameters=GPIO_Label
PA12.GPIO_Label=GPO1
PA12.Locked=true
PA12.Signal=GPIO_Output
PA13.Locked=true
PA13.Mode=Serial_Wire
PA13.Signal=SYS_JTMS-SWDIO
PA14.Locked=true
PA14.Mode=Serial_Wire
PA14.Signal=SYS_JTCK-SWCLK
PA15.Locked=true
PA15.Signal=S_TIM2_CH1
PA2.GPIOParameters=GPIO_Label
PA2.GPIO_Label=ADCx_IOUT_CHANNEL_PIN
PA2.Locked=true
PA2.Mode=IN3-Single-Ended
PA2.Signal=ADC1_IN3
PA3.GPIOParameters=GPIO_Label
PA3.GPIO_Label=IIN_COMP2_INP
PA3.Locked=true
PA3.Mode=INP
PA3.Signal=COMP2_INP
PA4.GPIOParameters=GPIO_Label
PA4.GPIO_Label=ADCy_VCC_CHANNEL_PIN
PA4.Locked=true
PA4.Mode=IN17-Single-Ended
PA4.Signal=ADC2_IN17
PA5.GPIOParameters=GPIO_Label
PA5.GPIO_Label=ADCy_VDS1_CHANNEL_PIN
PA5.Locked=true
PA5.Mode=IN13-Single-Ended
PA5.Signal=ADC2_IN13
PA6.GPIOParameters=GPIO_Label
PA6.GPIO_Label=ADCy_VDS2_CHANNEL_PIN
PA6.Locked=true
PA6.Mode=IN3-Single-Ended
PA6.Signal=ADC2_IN3
PA8.GPIOParameters=GPIO_Label
PA8.GPIO_Label=PWM_SR3_GPIO_PIN
PA8.Locked=true
PA8.Mode=Output_TA1TA2
PA8.Signal=HRTIM1_CHA1
PA9.GPIOParameters=GPIO_Label
PA9.GPIO_Label=PWM_SR4_GPIO_PIN
PA9.Locked=true
PA9.Mode=Output_TA1TA2
PA9.Signal=HRTIM1_CHA2
PB0.GPIOParameters=GPIO_Label
PB0.GPIO_Label=ENABLE_ACTIVE_CLAMP_GPIO_PIN
PB0.Locked=true
PB0.Signal=GPIO_Output
PB1.GPIOParameters=GPIO_Label
PB1.GPIO_Label=USER_LED_GPIO_PIN
PB1.Locked=true
PB1.Signal=GPIO_Output
PB10.Locked=true
PB10.Signal=S_TIM2_CH3
PB11.GPIOParameters=GPIO_Label
PB11.GPIO_Label=ENABLE_DRIVER_LEG1_LEG2_GPIO_PIN
PB11.Locked=true
PB11.Signal=GPIO_Output
PB12.GPIOParameters=GPIO_Label
PB12.GPIO_Label=PWM_HS1_GPIO_PIN
PB12.Locked=true
PB12.Mode=Output_TC1TC2
PB12.Signal=HRTIM1_CHC1
PB13.GPIOParameters=GPIO_Label
PB13.GPIO_Label=PWM_LS1_GPIO_PIN
PB13.Locked=true
PB13.Mode=Output_TC1TC2
PB13.Signal=HRTIM1_CHC2
PB14.GPIOParameters=GPIO_Label
PB14.GPIO_Label=PWM_SR1_GPIO_PIN
PB14.Locked=true
PB14.Mode=Output_TD1TD2
PB14.Signal=HRTIM1_CHD1
PB15.GPIOParameters=GPIO_Label
PB15.GPIO_Label=PWM_SR2_GPIO_PIN
PB15.Locked=true
PB15.Mode=Output_TD1TD2
PB15.Signal=HRTIM1_CHD2
PB2.Locked=true
PB2.Mode=SCINmode
PB2.Signal=HRTIM1_SCIN
PB3.GPIOParameters=GPIO_Label
PB3.GPIO_Label=HRTIM_SCOUT_GPIO_PIN
PB3.Locked=true
PB3.Signal=HRTIM1_SCOUT
PB4.GPIOParameters=GPIO_Label
PB4.GPIO_Label=ENABLE_SR_GPIO_PIN
PB4.Locked=true
PB4.Signal=GPIO_Output
PB5.GPIOParameters=GPIO_Label
PB5.GPIO_Label=FAN_PWM
PB5.Locked=true
PB5.Signal=S_TIM3_CH2
PB6.GPIOParameters=GPIO_PuPd
PB6.GPIO_PuPd=GPIO_PULLUP
PB6.Locked=true
PB6.Mode=Asynchronous
PB6.Signal=USART1_TX
PB7.GPIOParameters=GPIO_PuPd
PB7.GPIO_PuPd=GPIO_PULLUP
PB7.Locked=true
PB7.Mode=Asynchronous
PB7.Signal=USART1_RX
PB8-BOOT0.Locked=true
PB8-BOOT0.Mode=I2C
PB8-BOOT0.Signal=I2C1_SCL
PB9.Locked=true
PB9.Mode=I2C
PB9.Signal=I2C1_SDA
PC1.GPIOParameters=GPIO_Label
PC1.GPIO_Label=IIN_COMP3_INP
PC1.Mode=INP
PC1.Signal=COMP3_INP
PC13.GPIOParameters=GPIO_PuPd,GPIO_Label
PC13.GPIO_Label=GPIO_BOARD_POS
PC13.GPIO_PuPd=GPIO_PULLUP
PC13.Locked=true
PC13.Signal=GPIO_Input
PC2.GPIOParameters=GPIO_PuPd,GPIO_Label
PC2.GPIO_Label=GPIO_EXTI2_OVP
PC2.GPIO_PuPd=GPIO_PULLDOWN
PC2.Locked=true
PC2.Signal=GPXTI2
PC3.GPIOParameters=GPIO_Label
PC3.GPIO_Label=FAULT_LED
PC3.Locked=true
PC3.Signal=GPIO_Output
PC4.GPIOParameters=GPIO_Label
PC4.GPIO_Label=ADCy_TEMP_CHANNEL1
PC4.Locked=true
PC4.Mode=IN5-Single-Ended
PC4.Signal=ADC2_IN5
PC8.GPIOParameters=GPIO_Label
PC8.GPIO_Label=PWM_SR_CLAMP1
PC8.Locked=true
PC8.Mode=Output_TE1
PC8.Signal=HRTIM1_CHE1
PD2.GPIOParameters=GPIO_Label
PD2.GPIO_Label=STATUS_LED
PD2.Locked=true
PD2.Signal=GPIO_Output
PF0-OSC_IN.Locked=true
PF0-OSC_IN.Mode=HSE-External-Oscillator
PF0-OSC_IN.Signal=RCC_OSC_IN
PF1-OSC_OUT.Locked=true
PF1-OSC_OUT.Mode=HSE-External-Oscillator
PF1-OSC_OUT.Signal=RCC_OSC_OUT
PinOutPanel.RotationAngle=0
ProjectManager.AskForMigrate=true
ProjectManager.BackupPrevious=false
ProjectManager.CompilerOptimize=6
ProjectManager.ComputerToolchain=false
ProjectManager.CoupleFile=false
ProjectManager.CustomerFirmwarePackage=
ProjectManager.DefaultFWLocation=true
ProjectManager.DeletePrevious=true
ProjectManager.DeviceId=STM32G474RBTx
ProjectManager.FirmwarePackage=STM32Cube FW_G4 V1.6.1
ProjectManager.FreePins=false
ProjectManager.HalAssertFull=false
ProjectManager.HeapSize=0x200
ProjectManager.KeepUserCode=true
ProjectManager.LastFirmware=true
ProjectManager.LibraryCopy=2
ProjectManager.MainLocation=Src
ProjectManager.NoMain=false
ProjectManager.PreviousToolchain=
ProjectManager.ProjectBuild=false
ProjectManager.ProjectFileName=PSU - Full_Bridge Phase_Shifted G474inLQFP64.ioc
ProjectManager.ProjectName=PSU - Full_Bridge Phase_Shifted G474inLQFP64
ProjectManager.ProjectStructure=
ProjectManager.RegisterCallBack=
ProjectManager.StackSize=0x400
ProjectManager.TargetToolchain=EWARM V8.32
ProjectManager.ToolChainLocation=
ProjectManager.UAScriptAfterPath=
ProjectManager.UAScriptBeforePath=
ProjectManager.UnderRoot=false
ProjectManager.functionlistsort=1-MX_GPIO_Init-GPIO-false-HAL-true,2-MX_DMA_Init-DMA-false-HAL-true,3-SystemClock_Config-RCC-false-HAL-false,4-MX_ADC1_Init-ADC1-false-HAL-true,5-MX_ADC2_Init-ADC2-false-HAL-true,6-MX_COMP2_Init-COMP2-false-HAL-true,7-MX_HRTIM1_Init-HRTIM1-false-HAL-true,8-MX_DAC1_Init-DAC1-false-HAL-true,9-MX_TIM2_Init-TIM2-false-HAL-true,10-MX_USART1_UART_Init-USART1-false-HAL-true,11-MX_TIM3_Init-TIM3-false-HAL-true,12-MX_TIM6_Init-TIM6-false-HAL-true,13-MX_FMAC_Init-FMAC-false-HAL-true,14-MX_COMP3_Init-COMP3-false-HAL-true,15-MX_DAC3_Init-DAC3-false-HAL-true,16-MX_I2C1_Init-I2C1-false-HAL-true,17-MX_X_CUBE_DPower_Init-STMicroelectronics.X-CUBE-DPower.1.3.0-false-HAL-false,18-MX_X_CUBE_DPower_Process-STMicroelectronics.X-CUBE-DPower.1.3.0-false-HAL-false
RCC.ADC12Freq_Value=170000000
RCC.ADC345Freq_Value=170000000
RCC.AHBFreq_Value=170000000
RCC.APB1Freq_Value=170000000
RCC.APB1TimFreq_Value=170000000
RCC.APB2Freq_Value=170000000
RCC.APB2TimFreq_Value=170000000
RCC.CRSFreq_Value=48000000
RCC.CortexFreq_Value=170000000
RCC.EXTERNAL_CLOCK_VALUE=12288000
RCC.FCLKCortexFreq_Value=170000000
RCC.FDCANFreq_Value=170000000
RCC.FamilyName=M
RCC.HCLKFreq_Value=170000000
RCC.HRTIM1Freq_Value=170000000
RCC.HSE_VALUE=24000000
RCC.HSI48_VALUE=48000000
RCC.HSI_VALUE=16000000
RCC.I2C1Freq_Value=170000000
RCC.I2C2Freq_Value=170000000
RCC.I2C3Freq_Value=170000000
RCC.I2C4Freq_Value=170000000
RCC.I2SFreq_Value=170000000
RCC.IPParameters=ADC12Freq_Value,ADC345Freq_Value,AHBFreq_Value,APB1Freq_Value,APB1TimFreq_Value,APB2Freq_Value,APB2TimFreq_Value,CRSFreq_Value,CortexFreq_Value,EXTERNAL_CLOCK_VALUE,FCLKCortexFreq_Value,FDCANFreq_Value,FamilyName,HCLKFreq_Value,HRTIM1Freq_Value,HSE_VALUE,HSI48_VALUE,HSI_VALUE,I2C1Freq_Value,I2C2Freq_Value,I2C3Freq_Value,I2C4Freq_Value,I2SFreq_Value,LPTIM1Freq_Value,LPUART1Freq_Value,LSCOPinFreq_Value,LSE_VALUE,LSI_VALUE,MCO1PinFreq_Value,PLLM,PLLN,PLLPoutputFreq_Value,PLLQoutputFreq_Value,PLLRCLKFreq_Value,PLLSourceVirtual,PWRFreq_Value,QSPIFreq_Value,RNGFreq_Value,SAI1Freq_Value,SYSCLKFreq_VALUE,SYSCLKSource,UART4Freq_Value,UART5Freq_Value,USART1Freq_Value,USART2Freq_Value,USART3Freq_Value,USBFreq_Value,VCOInputFreq_Value,VCOOutputFreq_Value
RCC.LPTIM1Freq_Value=170000000
RCC.LPUART1Freq_Value=170000000
RCC.LSCOPinFreq_Value=32000
RCC.LSE_VALUE=32768
RCC.LSI_VALUE=32000
RCC.MCO1PinFreq_Value=16000000
RCC.PLLM=RCC_PLLM_DIV6
RCC.PLLN=85
RCC.PLLPoutputFreq_Value=170000000
RCC.PLLQoutputFreq_Value=170000000
RCC.PLLRCLKFreq_Value=170000000
RCC.PLLSourceVirtual=RCC_PLLSOURCE_HSE
RCC.PWRFreq_Value=170000000
RCC.QSPIFreq_Value=170000000
RCC.RNGFreq_Value=170000000
RCC.SAI1Freq_Value=170000000
RCC.SYSCLKFreq_VALUE=170000000
RCC.SYSCLKSource=RCC_SYSCLKSOURCE_PLLCLK
RCC.UART4Freq_Value=170000000
RCC.UART5Freq_Value=170000000
RCC.USART1Freq_Value=170000000
RCC.USART2Freq_Value=170000000
RCC.USART3Freq_Value=170000000
RCC.USBFreq_Value=170000000
RCC.VCOInputFreq_Value=4000000
RCC.VCOOutputFreq_Value=340000000
SH.GPXTI2.0=GPIO_EXTI2
SH.GPXTI2.ConfNb=1
SH.S_TIM2_CH1.0=TIM2_CH1,TriggerSource_TI1FP1
SH.S_TIM2_CH1.ConfNb=1
SH.S_TIM2_CH3.0=TIM2_CH3,PWM Generation3 CH3
SH.S_TIM2_CH3.ConfNb=1
SH.S_TIM3_CH2.0=TIM3_CH2,PWM Generation2 CH2
SH.S_TIM3_CH2.ConfNb=1
STMicroelectronics.X-CUBE-DPower.1.3.0.A1=0x9F9
STMicroelectronics.X-CUBE-DPower.1.3.0.A2=0xFEDC
STMicroelectronics.X-CUBE-DPower.1.3.0.A3=0xFF2B
STMicroelectronics.X-CUBE-DPower.1.3.0.B0=0x494E
STMicroelectronics.X-CUBE-DPower.1.3.0.B1=0xBB98
STMicroelectronics.X-CUBE-DPower.1.3.0.B2=0xB6B5
STMicroelectronics.X-CUBE-DPower.1.3.0.B3=0x446B
STMicroelectronics.X-CUBE-DPower.1.3.0.DCAaDCIiconverterJjinOoCCMJjPhaseAaShiftedOoFullAaBridge=true
STMicroelectronics.X-CUBE-DPower.1.3.0.DCAaDCIiconverterJjinOoCCM_Checked=true
STMicroelectronics.X-CUBE-DPower.1.3.0.DSMPSCcDeviceJjApplication=PSU
STMicroelectronics.X-CUBE-DPower.1.3.0.DT_FALLING_EDGE=325
STMicroelectronics.X-CUBE-DPower.1.3.0.DT_RISING_EDGE=325
STMicroelectronics.X-CUBE-DPower.1.3.0.DUTY_TICKS_MIN=60
STMicroelectronics.X-CUBE-DPower.1.3.0.DeviceJjDSMPS_Checked=true
STMicroelectronics.X-CUBE-DPower.1.3.0.IPParameters=MAX_TRANSFO_CURRENT,Vin_Scaling,SWITCHING_FREQ_HZ,Vin,Iin_Scaling,Vout_OCP,Vout,VOLTAGE_CONTROL_LOOP_FREQ,Vout_Scaling,Iout_Scaling,DT_RISING_EDGE,DT_FALLING_EDGE,PS_MIN,PS_MIN_SR_ACTIVATION,PS_MIN_SR_DEACTIVATION,PS_MAX,SR1_RISING_DELAY,SR1_FALLING_DELAY,DUTY_TICKS_MIN,SR2_RISING_DELAY,SR2_FALLING_DELAY,A1,A2,A3,REF,B0,B1,B2,B3,LibraryJjDigitalIiPowerIiConverterJjPolesZerosControler,LibraryJjDigitalIiPowerIiConverterJjLegacy,DCAaDCIiconverterJjinOoCCMJjPhaseAaShiftedOoFullAaBridge,DSMPSCcDeviceJjApplication
STMicroelectronics.X-CUBE-DPower.1.3.0.Iin_Scaling=0.471429
STMicroelectronics.X-CUBE-DPower.1.3.0.Iout_Scaling=0.05
STMicroelectronics.X-CUBE-DPower.1.3.0.LibraryJjDigitalIiPowerIiConverterJjLegacy=true
STMicroelectronics.X-CUBE-DPower.1.3.0.LibraryJjDigitalIiPowerIiConverterJjPolesZerosControler=true
STMicroelectronics.X-CUBE-DPower.1.3.0.LibraryJjDigitalIiPowerIiConverter_Checked=true
STMicroelectronics.X-CUBE-DPower.1.3.0.MAX_TRANSFO_CURRENT=6
STMicroelectronics.X-CUBE-DPower.1.3.0.PS_MAX=48
STMicroelectronics.X-CUBE-DPower.1.3.0.PS_MIN=200
STMicroelectronics.X-CUBE-DPower.1.3.0.PS_MIN_SR_ACTIVATION=1
STMicroelectronics.X-CUBE-DPower.1.3.0.PS_MIN_SR_DEACTIVATION=1
STMicroelectronics.X-CUBE-DPower.1.3.0.REF=3163
STMicroelectronics.X-CUBE-DPower.1.3.0.SR1_FALLING_DELAY=0
STMicroelectronics.X-CUBE-DPower.1.3.0.SR1_RISING_DELAY=0
STMicroelectronics.X-CUBE-DPower.1.3.0.SR2_FALLING_DELAY=0
STMicroelectronics.X-CUBE-DPower.1.3.0.SR2_RISING_DELAY=0
STMicroelectronics.X-CUBE-DPower.1.3.0.SWITCHING_FREQ_HZ=100000
STMicroelectronics.X-CUBE-DPower.1.3.0.VOLTAGE_CONTROL_LOOP_FREQ=6300
STMicroelectronics.X-CUBE-DPower.1.3.0.Vin=400.0
STMicroelectronics.X-CUBE-DPower.1.3.0.Vin_Scaling=0
STMicroelectronics.X-CUBE-DPower.1.3.0.Vout=48.0
STMicroelectronics.X-CUBE-DPower.1.3.0.Vout_OCP=42.0
STMicroelectronics.X-CUBE-DPower.1.3.0.Vout_Scaling=0.0530973451327434
STMicroelectronics.X-CUBE-DPower.1.3.0_SwParameter=DCAaDCIiconverterJjinOoCCMJjPhaseAaShiftedOoFullAaBridge\:true;DSMPSCcDeviceJjApplication\:PSU;LibraryJjDigitalIiPowerIiConverterJjLegacy\:true;LibraryJjDigitalIiPowerIiConverterJjPolesZerosControler\:true;
TIM2.AutoReloadPreload=TIM_AUTORELOAD_PRELOAD_ENABLE
TIM2.Channel-PWM\ Generation3\ CH3=TIM_CHANNEL_3
TIM2.Channel-PWM\ Generation4\ No\ Output=TIM_CHANNEL_4
TIM2.CounterMode=TIM_COUNTERMODE_CENTERALIGNED1
TIM2.IPParameters=Channel-PWM Generation3 CH3,Channel-PWM Generation4 No Output,CounterMode,PeriodNoDither,AutoReloadPreload,OCMode_PWM-PWM Generation3 CH3,OCMode_PWM-PWM Generation4 No Output,PulseNoDither_3,PulseNoDither_4
TIM2.IPParametersWithoutCheck=PulseNoDither_4,PulseNoDither_3,PeriodNoDither
TIM2.OCMode_PWM-PWM\ Generation3\ CH3=TIM_OCMODE_ASSYMETRIC_PWM1
TIM2.OCMode_PWM-PWM\ Generation4\ No\ Output=TIM_OCMODE_ASSYMETRIC_PWM1
TIM2.PeriodNoDither=(HAL_RCC_GetSysClockFreq()/(4*SWITCHING_FREQ_HZ))
TIM2.PulseNoDither_3=BLANKING_WINDOW_DURATION_TIMx_TICK
TIM2.PulseNoDither_4=BLANKING_WINDOW_DURATION2_TIMx_TICK
TIM3.AutoReloadPreload=TIM_AUTORELOAD_PRELOAD_ENABLE
TIM3.Channel-PWM\ Generation2\ CH2=TIM_CHANNEL_2
TIM3.IPParameters=Channel-PWM Generation2 CH2,Prescaler,PeriodNoDither,AutoReloadPreload,PulseNoDither_2
TIM3.IPParametersWithoutCheck=PulseNoDither_2,Prescaler,PeriodNoDither
TIM3.PeriodNoDither=FAN_PWM_TIM_PERIOD
TIM3.Prescaler=FAN_PWM_TIM_PRESCALER
TIM3.PulseNoDither_2=FAN_PWM_INIT_DUTY
TIM6.AutoReloadPreload=TIM_AUTORELOAD_PRELOAD_ENABLE
TIM6.IPParameters=Prescaler,PeriodNoDither,AutoReloadPreload
TIM6.IPParametersWithoutCheck=Prescaler,PeriodNoDither
TIM6.PeriodNoDither=((uint16_t) (SystemCoreClock / (uint32_t)(TEMPERATURE_FAN_CONTROL_FREQ * (TEMPERATURE_FAN_CONTROL_TIM_PRSC + 1))) -1)
TIM6.Prescaler=TEMPERATURE_FAN_CONTROL_TIM_PRSC
USART1.IPParameters=VirtualMode-Asynchronous,TxPinLevelInvertParam,RxPinLevelInvertParam
USART1.IPParametersWithoutCheck=BaudRate
USART1.RxPinLevelInvertParam=ADVFEATURE_RXINV_ENABLE
USART1.TxPinLevelInvertParam=ADVFEATURE_TXINV_ENABLE
USART1.VirtualMode-Asynchronous=VM_ASYNC
VP_COMP2_VS_DAC1OUT2.Mode=INM_DAC1OUT2
VP_COMP2_VS_DAC1OUT2.Signal=COMP2_VS_DAC1OUT2
VP_COMP3_VS_DAC3OUT1.Mode=INM_DAC3OUT1
VP_COMP3_VS_DAC3OUT1.Signal=COMP3_VS_DAC3OUT1
VP_DAC1_VS_DACI2.Mode=DAC_OUT2_Int
VP_DAC1_VS_DACI2.Signal=DAC1_VS_DACI2
VP_DAC3_VS_DACI1.Mode=DAC_OUT1_Int
VP_DAC3_VS_DACI1.Signal=DAC3_VS_DACI1
VP_FMAC_VS_FMAC.Mode=FMAC_Activate
VP_FMAC_VS_FMAC.Signal=FMAC_VS_FMAC
VP_HRTIM1_VS_hrtimMasterTimerNoOutput.Mode=MasterTimer
VP_HRTIM1_VS_hrtimMasterTimerNoOutput.Signal=HRTIM1_VS_hrtimMasterTimerNoOutput
VP_STMicroelectronics.X-CUBE-DPower_VS_DCAaDCIiconverterJjinOoCCM_1.1.0_1.3.0.Mode=DCAaDCIiconverterJjinOoCCM
VP_STMicroelectronics.X-CUBE-DPower_VS_DCAaDCIiconverterJjinOoCCM_1.1.0_1.3.0.Signal=STMicroelectronics.X-CUBE-DPower_VS_DCAaDCIiconverterJjinOoCCM_1.1.0_1.3.0
VP_STMicroelectronics.X-CUBE-DPower_VS_DeviceJjDSMPS_1.2.1_1.3.0.Mode=DeviceJjDSMPS
VP_STMicroelectronics.X-CUBE-DPower_VS_DeviceJjDSMPS_1.2.1_1.3.0.Signal=STMicroelectronics.X-CUBE-DPower_VS_DeviceJjDSMPS_1.2.1_1.3.0
VP_STMicroelectronics.X-CUBE-DPower_VS_LibraryJjDigitalIiPowerIiConverter_1.2.1_1.3.0.Mode=LibraryJjDigitalIiPowerIiConverter
VP_STMicroelectronics.X-CUBE-DPower_VS_LibraryJjDigitalIiPowerIiConverter_1.2.1_1.3.0.Signal=STMicroelectronics.X-CUBE-DPower_VS_LibraryJjDigitalIiPowerIiConverter_1.2.1_1.3.0
VP_SYS_VS_DBSignals.Mode=DisableDeadBatterySignals
VP_SYS_VS_DBSignals.Signal=SYS_VS_DBSignals
VP_SYS_VS_Systick.Mode=SysTick
VP_SYS_VS_Systick.Signal=SYS_VS_Systick
VP_TIM2_VS_ClockSourceINT.Mode=Internal
VP_TIM2_VS_ClockSourceINT.Signal=TIM2_VS_ClockSourceINT
VP_TIM2_VS_ControllerModeReset.Mode=Reset Mode
VP_TIM2_VS_ControllerModeReset.Signal=TIM2_VS_ControllerModeReset
VP_TIM2_VS_no_output4.Mode=PWM Generation4 No Output
VP_TIM2_VS_no_output4.Signal=TIM2_VS_no_output4
VP_TIM6_VS_ClockSourceINT.Mode=Enable_Timer
VP_TIM6_VS_ClockSourceINT.Signal=TIM6_VS_ClockSourceINT
board=custom
